
Microsoft Visual Studio Solution File, Format Version 12.00
Project("{FAE04EC0-301F-11D3-BF4B-00C04F79EFBC}") = "Moody.UI", "Moody.UI\Moody.UI.csproj", "{DC35FE6D-13AC-4C2F-A782-5D5ADB624E46}"
EndProject
Project("{FAE04EC0-301F-11D3-BF4B-00C04F79EFBC}") = "Moody.Common", "Moody.Common\Moody.Common.csproj", "{A2A5281A-FF02-4273-9364-457872610C41}"
EndProject
Project("{FAE04EC0-301F-11D3-BF4B-00C04F79EFBC}") = "Moody.BudgetPlaner.Model", "Moody.BudgetPlaner.Model\Moody.BudgetPlaner.Model.csproj", "{B464FB13-6AB3-498C-A8C7-3F122E922AF2}"
EndProject
Project("{FAE04EC0-301F-11D3-BF4B-00C04F79EFBC}") = "Moody.BudgetPlaner.Data", "Moody.BudgetPlaner.Data\Moody.BudgetPlaner.Data.csproj", "{CBB28C75-776B-42D6-A288-8AB2503578A5}"
EndProject
Project("{FAE04EC0-301F-11D3-BF4B-00C04F79EFBC}") = "Moody.BudgetPlaner.UI", "Moody.BudgetPlaner.UI\Moody.BudgetPlaner.UI.csproj", "{3E97329F-8152-405E-9AB1-494CD1138C89}"
EndProject
Project("{FAE04EC0-301F-11D3-BF4B-00C04F79EFBC}") = "Moody.BudgetPlaner.Starter", "Moody.BudgetPlaner.Starter\Moody.BudgetPlaner.Starter.csproj", "{D3C72150-5F68-4E21-801A-A8931A518B72}"
EndProject
Project("{FAE04EC0-301F-11D3-BF4B-00C04F79EFBC}") = "Moody.WpfSandBox", "Moody.WpfSandBox\Moody.WpfSandBox.csproj", "{C437979F-F41D-46B3-BA7A-5521C39506D2}"
EndProject
Project("{2150E333-8FDC-42A3-9474-1A3956D46DE8}") = "BudgetPlaner", "BudgetPlaner", "{5FF54620-6DFD-4CEC-9D61-9AE39164DCD6}"
EndProject
Project("{2150E333-8FDC-42A3-9474-1A3956D46DE8}") = "Core", "Core", "{47F04950-B217-45B4-B5BA-0CE427D5DE85}"
EndProject
Global
	GlobalSection(SolutionConfigurationPlatforms) = preSolution
		Debug|Any CPU = Debug|Any CPU
		Release|Any CPU = Release|Any CPU
	EndGlobalSection
	GlobalSection(ProjectConfigurationPlatforms) = postSolution
		{DC35FE6D-13AC-4C2F-A782-5D5ADB624E46}.Debug|Any CPU.ActiveCfg = Debug|Any CPU
		{DC35FE6D-13AC-4C2F-A782-5D5ADB624E46}.Debug|Any CPU.Build.0 = Debug|Any CPU
		{DC35FE6D-13AC-4C2F-A782-5D5ADB624E46}.Release|Any CPU.ActiveCfg = Release|Any CPU
		{DC35FE6D-13AC-4C2F-A782-5D5ADB624E46}.Release|Any CPU.Build.0 = Release|Any CPU
		{A2A5281A-FF02-4273-9364-457872610C41}.Debug|Any CPU.ActiveCfg = Debug|Any CPU
		{A2A5281A-FF02-4273-9364-457872610C41}.Debug|Any CPU.Build.0 = Debug|Any CPU
		{A2A5281A-FF02-4273-9364-457872610C41}.Release|Any CPU.ActiveCfg = Release|Any CPU
		{A2A5281A-FF02-4273-9364-457872610C41}.Release|Any CPU.Build.0 = Release|Any CPU
		{B464FB13-6AB3-498C-A8C7-3F122E922AF2}.Debug|Any CPU.ActiveCfg = Debug|Any CPU
		{B464FB13-6AB3-498C-A8C7-3F122E922AF2}.Debug|Any CPU.Build.0 = Debug|Any CPU
		{B464FB13-6AB3-498C-A8C7-3F122E922AF2}.Release|Any CPU.ActiveCfg = Release|Any CPU
		{B464FB13-6AB3-498C-A8C7-3F122E922AF2}.Release|Any CPU.Build.0 = Release|Any CPU
		{CBB28C75-776B-42D6-A288-8AB2503578A5}.Debug|Any CPU.ActiveCfg = Debug|Any CPU
		{CBB28C75-776B-42D6-A288-8AB2503578A5}.Debug|Any CPU.Build.0 = Debug|Any CPU
		{CBB28C75-776B-42D6-A288-8AB2503578A5}.Release|Any CPU.ActiveCfg = Release|Any CPU
		{CBB28C75-776B-42D6-A288-8AB2503578A5}.Release|Any CPU.Build.0 = Release|Any CPU
		{3E97329F-8152-405E-9AB1-494CD1138C89}.Debug|Any CPU.ActiveCfg = Debug|Any CPU
		{3E97329F-8152-405E-9AB1-494CD1138C89}.Debug|Any CPU.Build.0 = Debug|Any CPU
		{3E97329F-8152-405E-9AB1-494CD1138C89}.Release|Any CPU.ActiveCfg = Release|Any CPU
		{3E97329F-8152-405E-9AB1-494CD1138C89}.Release|Any CPU.Build.0 = Release|Any CPU
		{D3C72150-5F68-4E21-801A-A8931A518B72}.Debug|Any CPU.ActiveCfg = Debug|Any CPU
		{D3C72150-5F68-4E21-801A-A8931A518B72}.Debug|Any CPU.Build.0 = Debug|Any CPU
		{D3C72150-5F68-4E21-801A-A8931A518B72}.Release|Any CPU.ActiveCfg = Release|Any CPU
		{D3C72150-5F68-4E21-801A-A8931A518B72}.Release|Any CPU.Build.0 = Release|Any CPU
		{C437979F-F41D-46B3-BA7A-5521C39506D2}.Debug|Any CPU.ActiveCfg = Debug|Any CPU
		{C437979F-F41D-46B3-BA7A-5521C39506D2}.Debug|Any CPU.Build.0 = Debug|Any CPU
		{C437979F-F41D-46B3-BA7A-5521C39506D2}.Release|Any CPU.ActiveCfg = Release|Any CPU
		{C437979F-F41D-46B3-BA7A-5521C39506D2}.Release|Any CPU.Build.0 = Release|Any CPU
	EndGlobalSection
	GlobalSection(NestedProjects) = preSolution
		{CBB28C75-776B-42D6-A288-8AB2503578A5} = {5FF54620-6DFD-4CEC-9D61-9AE39164DCD6}
		{3E97329F-8152-405E-9AB1-494CD1138C89} = {5FF54620-6DFD-4CEC-9D61-9AE39164DCD6}
		{D3C72150-5F68-4E21-801A-A8931A518B72} = {5FF54620-6DFD-4CEC-9D61-9AE39164DCD6}
		{B464FB13-6AB3-498C-A8C7-3F122E922AF2} = {5FF54620-6DFD-4CEC-9D61-9AE39164DCD6}
		{A2A5281A-FF02-4273-9364-457872610C41} = {47F04950-B217-45B4-B5BA-0CE427D5DE85}
		{DC35FE6D-13AC-4C2F-A782-5D5ADB624E46} = {47F04950-B217-45B4-B5BA-0CE427D5DE85}
	EndGlobalSection
EndGlobal
