
Microsoft Visual Studio Solution File, Format Version 12.00
Project("{FAE04EC0-301F-11D3-BF4B-00C04F79EFBC}") = "Moody.Common", "Moody.Common\Moody.Common.csproj", "{A2A5281A-FF02-4273-9364-457872610C41}"
EndProject
Project("{FAE04EC0-301F-11D3-BF4B-00C04F79EFBC}") = "Moody.BudgetPlaner.Model", "Moody.BudgetPlaner.Model\Moody.BudgetPlaner.Model.csproj", "{B464FB13-6AB3-498C-A8C7-3F122E922AF2}"
EndProject
Project("{FAE04EC0-301F-11D3-BF4B-00C04F79EFBC}") = "Moody.BudgetPlaner.Data", "Moody.BudgetPlaner.Data\Moody.BudgetPlaner.Data.csproj", "{CBB28C75-776B-42D6-A288-8AB2503578A5}"
EndProject
Project("{FAE04EC0-301F-11D3-BF4B-00C04F79EFBC}") = "Moody.BudgetPlaner.Starter", "Moody.BudgetPlaner.Starter\Moody.BudgetPlaner.Starter.csproj", "{D3C72150-5F68-4E21-801A-A8931A518B72}"
EndProject
Project("{2150E333-8FDC-42A3-9474-1A3956D46DE8}") = "BudgetPlaner", "BudgetPlaner", "{5FF54620-6DFD-4CEC-9D61-9AE39164DCD6}"
EndProject
Project("{2150E333-8FDC-42A3-9474-1A3956D46DE8}") = "Core", "Core", "{47F04950-B217-45B4-B5BA-0CE427D5DE85}"
EndProject
Project("{FAE04EC0-301F-11D3-BF4B-00C04F79EFBC}") = "Moody.PropertyChangedSourceGenerator", "Moody.PropertyChangedSourceGenerator\Moody.PropertyChangedSourceGenerator.csproj", "{B86011F3-61BC-4F9C-A5E7-7785BE5CADCF}"
EndProject
Project("{FAE04EC0-301F-11D3-BF4B-00C04F79EFBC}") = "ConsoleSandbox", "ConsoleSandbox\ConsoleSandbox.csproj", "{4E756FF3-76B6-4DA4-AFFA-0E38EF43F8E7}"
EndProject
Project("{FAE04EC0-301F-11D3-BF4B-00C04F79EFBC}") = "Moody.BudgetPlaner.Avalonia.UI", "Moody.BudgetPlaner.Avalonia.UI\Moody.BudgetPlaner.Avalonia.UI.csproj", "{8754A964-29B5-471D-86AF-E8CF71365A24}"
EndProject
Project("{FAE04EC0-301F-11D3-BF4B-00C04F79EFBC}") = "Moody.Avalonia.Sandbox", "Moody.Avalonia.Sandbox\Moody.Avalonia.Sandbox.csproj", "{A7D67279-DE44-41B9-B887-2CEA63C976D3}"
EndProject
Project("{FAE04EC0-301F-11D3-BF4B-00C04F79EFBC}") = "Moody.Avalonia.UI", "Moody.Avalonia.UI\Moody.Avalonia.UI.csproj", "{6E7401D3-C38E-4C90-8CBB-335ABC0DB8D9}"
EndProject
Project("{FAE04EC0-301F-11D3-BF4B-00C04F79EFBC}") = "Moody.Common.UI", "Moody.Common.UI\Moody.Common.UI.csproj", "{611D83FF-E856-46BC-9D2D-A552015C6333}"
EndProject
Project("{2150E333-8FDC-42A3-9474-1A3956D46DE8}") = "Sandbox", "Sandbox", "{55AA5A0E-83BD-4A0E-AA7F-9272A92C6954}"
EndProject
Global
	GlobalSection(SolutionConfigurationPlatforms) = preSolution
		Debug|Any CPU = Debug|Any CPU
		Release|Any CPU = Release|Any CPU
	EndGlobalSection
	GlobalSection(ProjectConfigurationPlatforms) = postSolution
		{A2A5281A-FF02-4273-9364-457872610C41}.Debug|Any CPU.ActiveCfg = Debug|Any CPU
		{A2A5281A-FF02-4273-9364-457872610C41}.Debug|Any CPU.Build.0 = Debug|Any CPU
		{A2A5281A-FF02-4273-9364-457872610C41}.Release|Any CPU.ActiveCfg = Release|Any CPU
		{A2A5281A-FF02-4273-9364-457872610C41}.Release|Any CPU.Build.0 = Release|Any CPU
		{B464FB13-6AB3-498C-A8C7-3F122E922AF2}.Debug|Any CPU.ActiveCfg = Debug|Any CPU
		{B464FB13-6AB3-498C-A8C7-3F122E922AF2}.Debug|Any CPU.Build.0 = Debug|Any CPU
		{B464FB13-6AB3-498C-A8C7-3F122E922AF2}.Release|Any CPU.ActiveCfg = Release|Any CPU
		{B464FB13-6AB3-498C-A8C7-3F122E922AF2}.Release|Any CPU.Build.0 = Release|Any CPU
		{CBB28C75-776B-42D6-A288-8AB2503578A5}.Debug|Any CPU.ActiveCfg = Debug|Any CPU
		{CBB28C75-776B-42D6-A288-8AB2503578A5}.Debug|Any CPU.Build.0 = Debug|Any CPU
		{CBB28C75-776B-42D6-A288-8AB2503578A5}.Release|Any CPU.ActiveCfg = Release|Any CPU
		{CBB28C75-776B-42D6-A288-8AB2503578A5}.Release|Any CPU.Build.0 = Release|Any CPU
		{D3C72150-5F68-4E21-801A-A8931A518B72}.Debug|Any CPU.ActiveCfg = Debug|Any CPU
		{D3C72150-5F68-4E21-801A-A8931A518B72}.Debug|Any CPU.Build.0 = Debug|Any CPU
		{D3C72150-5F68-4E21-801A-A8931A518B72}.Release|Any CPU.ActiveCfg = Release|Any CPU
		{D3C72150-5F68-4E21-801A-A8931A518B72}.Release|Any CPU.Build.0 = Release|Any CPU
		{B86011F3-61BC-4F9C-A5E7-7785BE5CADCF}.Debug|Any CPU.ActiveCfg = Debug|Any CPU
		{B86011F3-61BC-4F9C-A5E7-7785BE5CADCF}.Debug|Any CPU.Build.0 = Debug|Any CPU
		{B86011F3-61BC-4F9C-A5E7-7785BE5CADCF}.Release|Any CPU.ActiveCfg = Release|Any CPU
		{B86011F3-61BC-4F9C-A5E7-7785BE5CADCF}.Release|Any CPU.Build.0 = Release|Any CPU
		{4E756FF3-76B6-4DA4-AFFA-0E38EF43F8E7}.Debug|Any CPU.ActiveCfg = Debug|Any CPU
		{4E756FF3-76B6-4DA4-AFFA-0E38EF43F8E7}.Debug|Any CPU.Build.0 = Debug|Any CPU
		{4E756FF3-76B6-4DA4-AFFA-0E38EF43F8E7}.Release|Any CPU.ActiveCfg = Release|Any CPU
		{4E756FF3-76B6-4DA4-AFFA-0E38EF43F8E7}.Release|Any CPU.Build.0 = Release|Any CPU
		{8754A964-29B5-471D-86AF-E8CF71365A24}.Debug|Any CPU.ActiveCfg = Debug|Any CPU
		{8754A964-29B5-471D-86AF-E8CF71365A24}.Debug|Any CPU.Build.0 = Debug|Any CPU
		{8754A964-29B5-471D-86AF-E8CF71365A24}.Release|Any CPU.ActiveCfg = Release|Any CPU
		{8754A964-29B5-471D-86AF-E8CF71365A24}.Release|Any CPU.Build.0 = Release|Any CPU
		{A7D67279-DE44-41B9-B887-2CEA63C976D3}.Debug|Any CPU.ActiveCfg = Debug|Any CPU
		{A7D67279-DE44-41B9-B887-2CEA63C976D3}.Debug|Any CPU.Build.0 = Debug|Any CPU
		{A7D67279-DE44-41B9-B887-2CEA63C976D3}.Release|Any CPU.ActiveCfg = Release|Any CPU
		{A7D67279-DE44-41B9-B887-2CEA63C976D3}.Release|Any CPU.Build.0 = Release|Any CPU
		{6E7401D3-C38E-4C90-8CBB-335ABC0DB8D9}.Debug|Any CPU.ActiveCfg = Debug|Any CPU
		{6E7401D3-C38E-4C90-8CBB-335ABC0DB8D9}.Debug|Any CPU.Build.0 = Debug|Any CPU
		{6E7401D3-C38E-4C90-8CBB-335ABC0DB8D9}.Release|Any CPU.ActiveCfg = Release|Any CPU
		{6E7401D3-C38E-4C90-8CBB-335ABC0DB8D9}.Release|Any CPU.Build.0 = Release|Any CPU
		{611D83FF-E856-46BC-9D2D-A552015C6333}.Debug|Any CPU.ActiveCfg = Debug|Any CPU
		{611D83FF-E856-46BC-9D2D-A552015C6333}.Debug|Any CPU.Build.0 = Debug|Any CPU
		{611D83FF-E856-46BC-9D2D-A552015C6333}.Release|Any CPU.ActiveCfg = Release|Any CPU
		{611D83FF-E856-46BC-9D2D-A552015C6333}.Release|Any CPU.Build.0 = Release|Any CPU
	EndGlobalSection
	GlobalSection(NestedProjects) = preSolution
		{CBB28C75-776B-42D6-A288-8AB2503578A5} = {5FF54620-6DFD-4CEC-9D61-9AE39164DCD6}
		{D3C72150-5F68-4E21-801A-A8931A518B72} = {5FF54620-6DFD-4CEC-9D61-9AE39164DCD6}
		{B464FB13-6AB3-498C-A8C7-3F122E922AF2} = {5FF54620-6DFD-4CEC-9D61-9AE39164DCD6}
		{A2A5281A-FF02-4273-9364-457872610C41} = {47F04950-B217-45B4-B5BA-0CE427D5DE85}
		{B86011F3-61BC-4F9C-A5E7-7785BE5CADCF} = {47F04950-B217-45B4-B5BA-0CE427D5DE85}
		{8754A964-29B5-471D-86AF-E8CF71365A24} = {5FF54620-6DFD-4CEC-9D61-9AE39164DCD6}
		{6E7401D3-C38E-4C90-8CBB-335ABC0DB8D9} = {47F04950-B217-45B4-B5BA-0CE427D5DE85}
		{611D83FF-E856-46BC-9D2D-A552015C6333} = {47F04950-B217-45B4-B5BA-0CE427D5DE85}
		{4E756FF3-76B6-4DA4-AFFA-0E38EF43F8E7} = {55AA5A0E-83BD-4A0E-AA7F-9272A92C6954}
		{A7D67279-DE44-41B9-B887-2CEA63C976D3} = {55AA5A0E-83BD-4A0E-AA7F-9272A92C6954}
	EndGlobalSection
EndGlobal
